# @generated by Move, please check-in and do not edit manually.

[move]
version = 3
manifest_digest = "7F0FBE2CF5215DD53C53BF37879960A41E25B0CFE1562FF896C3E4E4968882B2"
deps_digest = "F8BBB0CCB2491CA29A3DF03D6F92277A4F3574266507ACD77214D37ECA3F3082"
dependencies = [
  { id = "Sui", name = "Sui" },
]

[[move.package]]
id = "MoveStdlib"
source = { git = "https://github.com/MystenLabs/sui.git", rev = "framework/testnet", subdir = "crates/sui-framework/packages/move-stdlib" }

[[move.package]]
id = "Sui"
source = { git = "https://github.com/MystenLabs/sui.git", rev = "framework/testnet", subdir = "crates/sui-framework/packages/sui-framework" }

dependencies = [
  { id = "MoveStdlib", name = "MoveStdlib" },
]

[move.toolchain-version]
compiler-version = "1.51.2"
edition = "2024.beta"
flavor = "sui"

[env]

[env.testnet]
chain-id = "4c78adac"
original-published-id = "0xe21c81834611d67b92751acb642d8b6587ce5da730cebace0d5f874015b92afa"
latest-published-id = "0xe21c81834611d67b92751acb642d8b6587ce5da730cebace0d5f874015b92afa"
published-version = "1"
